// !$*UTF8*$!
{
	archiveVersion = 1;
	classes = {
	};
	objectVersion = 56;
	objects = {

/* Begin PBXBuildFile section */
		3AF260F12A3A67C50024E745 /* AppDelegate.swift in Sources */ = {isa = PBXBuildFile; fileRef = 3AF260F02A3A67C50024E745 /* AppDelegate.swift */; };
		3AF260F32A3A67C50024E745 /* SceneDelegate.swift in Sources */ = {isa = PBXBuildFile; fileRef = 3AF260F22A3A67C50024E745 /* SceneDelegate.swift */; };
		3AF260F82A3A67C50024E745 /* Main.storyboard in Resources */ = {isa = PBXBuildFile; fileRef = 3AF260F62A3A67C50024E745 /* Main.storyboard */; };
		3AF260FA2A3A67C60024E745 /* Assets.xcassets in Resources */ = {isa = PBXBuildFile; fileRef = 3AF260F92A3A67C60024E745 /* Assets.xcassets */; };
		3AF260FD2A3A67C60024E745 /* LaunchScreen.storyboard in Resources */ = {isa = PBXBuildFile; fileRef = 3AF260FB2A3A67C60024E745 /* LaunchScreen.storyboard */; };
		3AF261082A3A6A480024E745 /* DisneyCharacter.swift in Sources */ = {isa = PBXBuildFile; fileRef = 3AF261072A3A6A480024E745 /* DisneyCharacter.swift */; };
		3AF2610D2A3A73A80024E745 /* DisneyCharacterController.swift in Sources */ = {isa = PBXBuildFile; fileRef = 3AF2610C2A3A73A80024E745 /* DisneyCharacterController.swift */; };
		3AF261112A3A800D0024E745 /* DisneyCharacterTableViewController.swift in Sources */ = {isa = PBXBuildFile; fileRef = 3AF261102A3A800D0024E745 /* DisneyCharacterTableViewController.swift */; };
/* End PBXBuildFile section */

/* Begin PBXFileReference section */
		3AF260ED2A3A67C50024E745 /* BYOA.4.3.app */ = {isa = PBXFileReference; explicitFileType = wrapper.application; includeInIndex = 0; path = BYOA.4.3.app; sourceTree = BUILT_PRODUCTS_DIR; };
		3AF260F02A3A67C50024E745 /* AppDelegate.swift */ = {isa = PBXFileReference; lastKnownFileType = sourcecode.swift; path = AppDelegate.swift; sourceTree = "<group>"; };
		3AF260F22A3A67C50024E745 /* SceneDelegate.swift */ = {isa = PBXFileReference; lastKnownFileType = sourcecode.swift; path = SceneDelegate.swift; sourceTree = "<group>"; };
		3AF260F72A3A67C50024E745 /* Base */ = {isa = PBXFileReference; lastKnownFileType = file.storyboard; name = Base; path = Base.lproj/Main.storyboard; sourceTree = "<group>"; };
		3AF260F92A3A67C60024E745 /* Assets.xcassets */ = {isa = PBXFileReference; lastKnownFileType = folder.assetcatalog; path = Assets.xcassets; sourceTree = "<group>"; };
		3AF260FC2A3A67C60024E745 /* Base */ = {isa = PBXFileReference; lastKnownFileType = file.storyboard; name = Base; path = Base.lproj/LaunchScreen.storyboard; sourceTree = "<group>"; };
		3AF260FE2A3A67C60024E745 /* Info.plist */ = {isa = PBXFileReference; lastKnownFileType = text.plist.xml; path = Info.plist; sourceTree = "<group>"; };
		3AF261072A3A6A480024E745 /* DisneyCharacter.swift */ = {isa = PBXFileReference; lastKnownFileType = sourcecode.swift; path = DisneyCharacter.swift; sourceTree = "<group>"; };
		3AF2610C2A3A73A80024E745 /* DisneyCharacterController.swift */ = {isa = PBXFileReference; lastKnownFileType = sourcecode.swift; path = DisneyCharacterController.swift; sourceTree = "<group>"; };
		3AF261102A3A800D0024E745 /* DisneyCharacterTableViewController.swift */ = {isa = PBXFileReference; lastKnownFileType = sourcecode.swift; path = DisneyCharacterTableViewController.swift; sourceTree = "<group>"; };
/* End PBXFileReference section */

/* Begin PBXFrameworksBuildPhase section */
		3AF260EA2A3A67C50024E745 /* Frameworks */ = {
			isa = PBXFrameworksBuildPhase;
			buildActionMask = 2147483647;
			files = (
			);
			runOnlyForDeploymentPostprocessing = 0;
		};
/* End PBXFrameworksBuildPhase section */

/* Begin PBXGroup section */
		3AF260E42A3A67C50024E745 = {
			isa = PBXGroup;
			children = (
				3AF260EF2A3A67C50024E745 /* BYOA.4.3 */,
				3AF260EE2A3A67C50024E745 /* Products */,
			);
			sourceTree = "<group>";
		};
		3AF260EE2A3A67C50024E745 /* Products */ = {
			isa = PBXGroup;
			children = (
				3AF260ED2A3A67C50024E745 /* BYOA.4.3.app */,
			);
			name = Products;
			sourceTree = "<group>";
		};
		3AF260EF2A3A67C50024E745 /* BYOA.4.3 */ = {
			isa = PBXGroup;
			children = (
				3AF2610F2A3A7FDB0024E745 /* ViewController */,
				3AF2610E2A3A7FBB0024E745 /* Storyboards */,
				3AF261092A3A71050024E745 /* ModelController */,
				3AF261062A3A6A250024E745 /* Model */,
				3AF260F02A3A67C50024E745 /* AppDelegate.swift */,
				3AF260F22A3A67C50024E745 /* SceneDelegate.swift */,
				3AF260F92A3A67C60024E745 /* Assets.xcassets */,
				3AF260FE2A3A67C60024E745 /* Info.plist */,
			);
			path = BYOA.4.3;
			sourceTree = "<group>";
		};
		3AF261062A3A6A250024E745 /* Model */ = {
			isa = PBXGroup;
			children = (
				3AF261072A3A6A480024E745 /* DisneyCharacter.swift */,
			);
			path = Model;
			sourceTree = "<group>";
		};
		3AF261092A3A71050024E745 /* ModelController */ = {
			isa = PBXGroup;
			children = (
				3AF2610C2A3A73A80024E745 /* DisneyCharacterController.swift */,
			);
			path = ModelController;
			sourceTree = "<group>";
		};
		3AF2610E2A3A7FBB0024E745 /* Storyboards */ = {
			isa = PBXGroup;
			children = (
				3AF260F62A3A67C50024E745 /* Main.storyboard */,
				3AF260FB2A3A67C60024E745 /* LaunchScreen.storyboard */,
			);
			path = Storyboards;
			sourceTree = "<group>";
		};
		3AF2610F2A3A7FDB0024E745 /* ViewController */ = {
			isa = PBXGroup;
			children = (
				3AF261102A3A800D0024E745 /* DisneyCharacterTableViewController.swift */,
			);
			path = ViewController;
			sourceTree = "<group>";
		};
/* End PBXGroup section */

/* Begin PBXNativeTarget section */
		3AF260EC2A3A67C50024E745 /* BYOA.4.3 */ = {
			isa = PBXNativeTarget;
			buildConfigurationList = 3AF261012A3A67C60024E745 /* Build configuration list for PBXNativeTarget "BYOA.4.3" */;
			buildPhases = (
				3AF260E92A3A67C50024E745 /* Sources */,
				3AF260EA2A3A67C50024E745 /* Frameworks */,
				3AF260EB2A3A67C50024E745 /* Resources */,
			);
			buildRules = (
			);
			dependencies = (
			);
			name = BYOA.4.3;
			productName = BYOA.4.3;
			productReference = 3AF260ED2A3A67C50024E745 /* BYOA.4.3.app */;
			productType = "com.apple.product-type.application";
		};
/* End PBXNativeTarget section */

/* Begin PBXProject section */
		3AF260E52A3A67C50024E745 /* Project object */ = {
			isa = PBXProject;
			attributes = {
				BuildIndependentTargetsInParallel = 1;
				LastSwiftUpdateCheck = 1430;
				LastUpgradeCheck = 1430;
				TargetAttributes = {
					3AF260EC2A3A67C50024E745 = {
						CreatedOnToolsVersion = 14.3.1;
					};
				};
			};
			buildConfigurationList = 3AF260E82A3A67C50024E745 /* Build configuration list for PBXProject "BYOA.4.3" */;
			compatibilityVersion = "Xcode 14.0";
			developmentRegion = en;
			hasScannedForEncodings = 0;
			knownRegions = (
				en,
				Base,
			);
			mainGroup = 3AF260E42A3A67C50024E745;
			productRefGroup = 3AF260EE2A3A67C50024E745 /* Products */;
			projectDirPath = "";
			projectRoot = "";
			targets = (
				3AF260EC2A3A67C50024E745 /* BYOA.4.3 */,
			);
		};
/* End PBXProject section */

/* Begin PBXResourcesBuildPhase section */
		3AF260EB2A3A67C50024E745 /* Resources */ = {
			isa = PBXResourcesBuildPhase;
			buildActionMask = 2147483647;
			files = (
				3AF260FD2A3A67C60024E745 /* LaunchScreen.storyboard in Resources */,
				3AF260FA2A3A67C60024E745 /* Assets.xcassets in Resources */,
				3AF260F82A3A67C50024E745 /* Main.storyboard in Resources */,
			);
			runOnlyForDeploymentPostprocessing = 0;
		};
/* End PBXResourcesBuildPhase section */

/* Begin PBXSourcesBuildPhase section */
		3AF260E92A3A67C50024E745 /* Sources */ = {
			isa = PBXSourcesBuildPhase;
			buildActionMask = 2147483647;
			files = (
				3AF261082A3A6A480024E745 /* DisneyCharacter.swift in Sources */,
				3AF261112A3A800D0024E745 /* DisneyCharacterTableViewController.swift in Sources */,
				3AF2610D2A3A73A80024E745 /* DisneyCharacterController.swift in Sources */,
				3AF260F12A3A67C50024E745 /* AppDelegate.swift in Sources */,
				3AF260F32A3A67C50024E745 /* SceneDelegate.swift in Sources */,
			);
			runOnlyForDeploymentPostprocessing = 0;
		};
/* End PBXSourcesBuildPhase section */

/* Begin PBXVariantGroup section */
		3AF260F62A3A67C50024E745 /* Main.storyboard */ = {
			isa = PBXVariantGroup;
			children = (
				3AF260F72A3A67C50024E745 /* Base */,
			);
			name = Main.storyboard;
			sourceTree = "<group>";
		};
		3AF260FB2A3A67C60024E745 /* LaunchScreen.storyboard */ = {
			isa = PBXVariantGroup;
			children = (
				3AF260FC2A3A67C60024E745 /* Base */,
			);
			name = LaunchScreen.storyboard;
			sourceTree = "<group>";
		};
/* End PBXVariantGroup section */

/* Begin XCBuildConfiguration section */
		3AF260FF2A3A67C60024E745 /* Debug */ = {
			isa = XCBuildConfiguration;
			buildSettings = {
				ALWAYS_SEARCH_USER_PATHS = NO;
				CLANG_ANALYZER_NONNULL = YES;
				CLANG_ANALYZER_NUMBER_OBJECT_CONVERSION = YES_AGGRESSIVE;
				CLANG_CXX_LANGUAGE_STANDARD = "gnu++20";
				CLANG_ENABLE_MODULES = YES;
				CLANG_ENABLE_OBJC_ARC = YES;
				CLANG_ENABLE_OBJC_WEAK = YES;
				CLANG_WARN_BLOCK_CAPTURE_AUTORELEASING = YES;
				CLANG_WARN_BOOL_CONVERSION = YES;
				CLANG_WARN_COMMA = YES;
				CLANG_WARN_CONSTANT_CONVERSION = YES;
				CLANG_WARN_DEPRECATED_OBJC_IMPLEMENTATIONS = YES;
				CLANG_WARN_DIRECT_OBJC_ISA_USAGE = YES_ERROR;
				CLANG_WARN_DOCUMENTATION_COMMENTS = YES;
				CLANG_WARN_EMPTY_BODY = YES;
				CLANG_WARN_ENUM_CONVERSION = YES;
				CLANG_WARN_INFINITE_RECURSION = YES;
				CLANG_WARN_INT_CONVERSION = YES;
				CLANG_WARN_NON_LITERAL_NULL_CONVERSION = YES;
				CLANG_WARN_OBJC_IMPLICIT_RETAIN_SELF = YES;
				CLANG_WARN_OBJC_LITERAL_CONVERSION = YES;
				CLANG_WARN_OBJC_ROOT_CLASS = YES_ERROR;
				CLANG_WARN_QUOTED_INCLUDE_IN_FRAMEWORK_HEADER = YES;
				CLANG_WARN_RANGE_LOOP_ANALYSIS = YES;
				CLANG_WARN_STRICT_PROTOTYPES = YES;
				CLANG_WARN_SUSPICIOUS_MOVE = YES;
				CLANG_WARN_UNGUARDED_AVAILABILITY = YES_AGGRESSIVE;
				CLANG_WARN_UNREACHABLE_CODE = YES;
				CLANG_WARN__DUPLICATE_METHOD_MATCH = YES;
				COPY_PHASE_STRIP = NO;
				DEBUG_INFORMATION_FORMAT = dwarf;
				ENABLE_STRICT_OBJC_MSGSEND = YES;
				ENABLE_TESTABILITY = YES;
				GCC_C_LANGUAGE_STANDARD = gnu11;
				GCC_DYNAMIC_NO_PIC = NO;
				GCC_NO_COMMON_BLOCKS = YES;
				GCC_OPTIMIZATION_LEVEL = 0;
				GCC_PREPROCESSOR_DEFINITIONS = (
					"DEBUG=1",
					"$(inherited)",
				);
				GCC_WARN_64_TO_32_BIT_CONVERSION = YES;
				GCC_WARN_ABOUT_RETURN_TYPE = YES_ERROR;
				GCC_WARN_UNDECLARED_SELECTOR = YES;
				GCC_WARN_UNINITIALIZED_AUTOS = YES_AGGRESSIVE;
				GCC_WARN_UNUSED_FUNCTION = YES;
				GCC_WARN_UNUSED_VARIABLE = YES;
				IPHONEOS_DEPLOYMENT_TARGET = 16.4;
				MTL_ENABLE_DEBUG_INFO = INCLUDE_SOURCE;
				MTL_FAST_MATH = YES;
				ONLY_ACTIVE_ARCH = YES;
				SDKROOT = iphoneos;
				SWIFT_ACTIVE_COMPILATION_CONDITIONS = DEBUG;
				SWIFT_OPTIMIZATION_LEVEL = "-Onone";
			};
			name = Debug;
		};
		3AF261002A3A67C60024E745 /* Release */ = {
			isa = XCBuildConfiguration;
			buildSettings = {
				ALWAYS_SEARCH_USER_PATHS = NO;
				CLANG_ANALYZER_NONNULL = YES;
				CLANG_ANALYZER_NUMBER_OBJECT_CONVERSION = YES_AGGRESSIVE;
				CLANG_CXX_LANGUAGE_STANDARD = "gnu++20";
				CLANG_ENABLE_MODULES = YES;
				CLANG_ENABLE_OBJC_ARC = YES;
				CLANG_ENABLE_OBJC_WEAK = YES;
				CLANG_WARN_BLOCK_CAPTURE_AUTORELEASING = YES;
				CLANG_WARN_BOOL_CONVERSION = YES;
				CLANG_WARN_COMMA = YES;
				CLANG_WARN_CONSTANT_CONVERSION = YES;
				CLANG_WARN_DEPRECATED_OBJC_IMPLEMENTATIONS = YES;
				CLANG_WARN_DIRECT_OBJC_ISA_USAGE = YES_ERROR;
				CLANG_WARN_DOCUMENTATION_COMMENTS = YES;
				CLANG_WARN_EMPTY_BODY = YES;
				CLANG_WARN_ENUM_CONVERSION = YES;
				CLANG_WARN_INFINITE_RECURSION = YES;
				CLANG_WARN_INT_CONVERSION = YES;
				CLANG_WARN_NON_LITERAL_NULL_CONVERSION = YES;
				CLANG_WARN_OBJC_IMPLICIT_RETAIN_SELF = YES;
				CLANG_WARN_OBJC_LITERAL_CONVERSION = YES;
				CLANG_WARN_OBJC_ROOT_CLASS = YES_ERROR;
				CLANG_WARN_QUOTED_INCLUDE_IN_FRAMEWORK_HEADER = YES;
				CLANG_WARN_RANGE_LOOP_ANALYSIS = YES;
				CLANG_WARN_STRICT_PROTOTYPES = YES;
				CLANG_WARN_SUSPICIOUS_MOVE = YES;
				CLANG_WARN_UNGUARDED_AVAILABILITY = YES_AGGRESSIVE;
				CLANG_WARN_UNREACHABLE_CODE = YES;
				CLANG_WARN__DUPLICATE_METHOD_MATCH = YES;
				COPY_PHASE_STRIP = NO;
				DEBUG_INFORMATION_FORMAT = "dwarf-with-dsym";
				ENABLE_NS_ASSERTIONS = NO;
				ENABLE_STRICT_OBJC_MSGSEND = YES;
				GCC_C_LANGUAGE_STANDARD = gnu11;
				GCC_NO_COMMON_BLOCKS = YES;
				GCC_WARN_64_TO_32_BIT_CONVERSION = YES;
				GCC_WARN_ABOUT_RETURN_TYPE = YES_ERROR;
				GCC_WARN_UNDECLARED_SELECTOR = YES;
				GCC_WARN_UNINITIALIZED_AUTOS = YES_AGGRESSIVE;
				GCC_WARN_UNUSED_FUNCTION = YES;
				GCC_WARN_UNUSED_VARIABLE = YES;
				IPHONEOS_DEPLOYMENT_TARGET = 16.4;
				MTL_ENABLE_DEBUG_INFO = NO;
				MTL_FAST_MATH = YES;
				SDKROOT = iphoneos;
				SWIFT_COMPILATION_MODE = wholemodule;
				SWIFT_OPTIMIZATION_LEVEL = "-O";
				VALIDATE_PRODUCT = YES;
			};
			name = Release;
		};
		3AF261022A3A67C60024E745 /* Debug */ = {
			isa = XCBuildConfiguration;
			buildSettings = {
				ASSETCATALOG_COMPILER_APPICON_NAME = AppIcon;
				ASSETCATALOG_COMPILER_GLOBAL_ACCENT_COLOR_NAME = AccentColor;
				CODE_SIGN_STYLE = Automatic;
				CURRENT_PROJECT_VERSION = 1;
				GENERATE_INFOPLIST_FILE = YES;
				INFOPLIST_FILE = BYOA.4.3/Info.plist;
				INFOPLIST_KEY_UIApplicationSupportsIndirectInputEvents = YES;
				INFOPLIST_KEY_UILaunchStoryboardName = LaunchScreen;
				INFOPLIST_KEY_UIMainStoryboardFile = Main;
				INFOPLIST_KEY_UISupportedInterfaceOrientations_iPad = "UIInterfaceOrientationPortrait UIInterfaceOrientationPortraitUpsideDown UIInterfaceOrientationLandscapeLeft UIInterfaceOrientationLandscapeRight";
				INFOPLIST_KEY_UISupportedInterfaceOrientations_iPhone = "UIInterfaceOrientationPortrait UIInterfaceOrientationLandscapeLeft UIInterfaceOrientationLandscapeRight";
				LD_RUNPATH_SEARCH_PATHS = (
					"$(inherited)",
					"@executable_path/Frameworks",
				);
				MARKETING_VERSION = 1.0;
				PRODUCT_BUNDLE_IDENTIFIER = "BABYB.BYOA-4-3";
				PRODUCT_NAME = "$(TARGET_NAME)";
				SWIFT_EMIT_LOC_STRINGS = YES;
				SWIFT_VERSION = 5.0;
				TARGETED_DEVICE_FAMILY = "1,2";
			};
			name = Debug;
		};
		3AF261032A3A67C60024E745 /* Release */ = {
			isa = XCBuildConfiguration;
			buildSettings = {
				ASSETCATALOG_COMPILER_APPICON_NAME = AppIcon;
				ASSETCATALOG_COMPILER_GLOBAL_ACCENT_COLOR_NAME = AccentColor;
				CODE_SIGN_STYLE = Automatic;
				CURRENT_PROJECT_VERSION = 1;
				GENERATE_INFOPLIST_FILE = YES;
				INFOPLIST_FILE = BYOA.4.3/Info.plist;
				INFOPLIST_KEY_UIApplicationSupportsIndirectInputEvents = YES;
				INFOPLIST_KEY_UILaunchStoryboardName = LaunchScreen;
				INFOPLIST_KEY_UIMainStoryboardFile = Main;
				INFOPLIST_KEY_UISupportedInterfaceOrientations_iPad = "UIInterfaceOrientationPortrait UIInterfaceOrientationPortraitUpsideDown UIInterfaceOrientationLandscapeLeft UIInterfaceOrientationLandscapeRight";
				INFOPLIST_KEY_UISupportedInterfaceOrientations_iPhone = "UIInterfaceOrientationPortrait UIInterfaceOrientationLandscapeLeft UIInterfaceOrientationLandscapeRight";
				LD_RUNPATH_SEARCH_PATHS = (
					"$(inherited)",
					"@executable_path/Frameworks",
				);
				MARKETING_VERSION = 1.0;
				PRODUCT_BUNDLE_IDENTIFIER = "BABYB.BYOA-4-3";
				PRODUCT_NAME = "$(TARGET_NAME)";
				SWIFT_EMIT_LOC_STRINGS = YES;
				SWIFT_VERSION = 5.0;
				TARGETED_DEVICE_FAMILY = "1,2";
			};
			name = Release;
		};
/* End XCBuildConfiguration section */

/* Begin XCConfigurationList section */
		3AF260E82A3A67C50024E745 /* Build configuration list for PBXProject "BYOA.4.3" */ = {
			isa = XCConfigurationList;
			buildConfigurations = (
				3AF260FF2A3A67C60024E745 /* Debug */,
				3AF261002A3A67C60024E745 /* Release */,
			);
			defaultConfigurationIsVisible = 0;
			defaultConfigurationName = Release;
		};
		3AF261012A3A67C60024E745 /* Build configuration list for PBXNativeTarget "BYOA.4.3" */ = {
			isa = XCConfigurationList;
			buildConfigurations = (
				3AF261022A3A67C60024E745 /* Debug */,
				3AF261032A3A67C60024E745 /* Release */,
			);
			defaultConfigurationIsVisible = 0;
			defaultConfigurationName = Release;
		};
/* End XCConfigurationList section */
	};
	rootObject = 3AF260E52A3A67C50024E745 /* Project object */;
}
